// !$*UTF8*$!
{
	archiveVersion = 1;
	classes = {
	};
	objectVersion = 46;
	objects = {

/* Begin PBXBuildFile section */
		050A42891BD2DF44001CD320 /* GameBoardViewCell.swift in Sources */ = {isa = PBXBuildFile; fileRef = 050A42881BD2DF44001CD320 /* GameBoardViewCell.swift */; settings = {ASSET_TAGS = (); }; };
		053849871BD3C3F50028CF54 /* GameBoard.swift in Sources */ = {isa = PBXBuildFile; fileRef = 053849861BD3C3F50028CF54 /* GameBoard.swift */; settings = {ASSET_TAGS = (); }; };
		053B9E751BD19A4A00EBF8CC /* AppDelegate.swift in Sources */ = {isa = PBXBuildFile; fileRef = 053B9E741BD19A4A00EBF8CC /* AppDelegate.swift */; };
		053B9E771BD19A4A00EBF8CC /* GameBoardViewController.swift in Sources */ = {isa = PBXBuildFile; fileRef = 053B9E761BD19A4A00EBF8CC /* GameBoardViewController.swift */; };
		053B9E7A1BD19A4A00EBF8CC /* Main.storyboard in Resources */ = {isa = PBXBuildFile; fileRef = 053B9E781BD19A4A00EBF8CC /* Main.storyboard */; };
		053B9E7C1BD19A4A00EBF8CC /* Assets.xcassets in Resources */ = {isa = PBXBuildFile; fileRef = 053B9E7B1BD19A4A00EBF8CC /* Assets.xcassets */; };
		053B9E7F1BD19A4A00EBF8CC /* LaunchScreen.storyboard in Resources */ = {isa = PBXBuildFile; fileRef = 053B9E7D1BD19A4A00EBF8CC /* LaunchScreen.storyboard */; };
/* End PBXBuildFile section */

/* Begin PBXFileReference section */
		050A42881BD2DF44001CD320 /* GameBoardViewCell.swift */ = {isa = PBXFileReference; fileEncoding = 4; lastKnownFileType = sourcecode.swift; path = GameBoardViewCell.swift; sourceTree = "<group>"; };
		053849861BD3C3F50028CF54 /* GameBoard.swift */ = {isa = PBXFileReference; fileEncoding = 4; lastKnownFileType = sourcecode.swift; path = GameBoard.swift; sourceTree = "<group>"; };
		053B9E711BD19A4A00EBF8CC /* JuegoDeMemoria.app */ = {isa = PBXFileReference; explicitFileType = wrapper.application; includeInIndex = 0; path = JuegoDeMemoria.app; sourceTree = BUILT_PRODUCTS_DIR; };
		053B9E741BD19A4A00EBF8CC /* AppDelegate.swift */ = {isa = PBXFileReference; lastKnownFileType = sourcecode.swift; path = AppDelegate.swift; sourceTree = "<group>"; };
		053B9E761BD19A4A00EBF8CC /* GameBoardViewController.swift */ = {isa = PBXFileReference; lastKnownFileType = sourcecode.swift; path = GameBoardViewController.swift; sourceTree = "<group>"; };
		053B9E791BD19A4A00EBF8CC /* Base */ = {isa = PBXFileReference; lastKnownFileType = file.storyboard; name = Base; path = Base.lproj/Main.storyboard; sourceTree = "<group>"; };
		053B9E7B1BD19A4A00EBF8CC /* Assets.xcassets */ = {isa = PBXFileReference; lastKnownFileType = folder.assetcatalog; path = Assets.xcassets; sourceTree = "<group>"; };
		053B9E7E1BD19A4A00EBF8CC /* Base */ = {isa = PBXFileReference; lastKnownFileType = file.storyboard; name = Base; path = Base.lproj/LaunchScreen.storyboard; sourceTree = "<group>"; };
		053B9E801BD19A4A00EBF8CC /* Info.plist */ = {isa = PBXFileReference; lastKnownFileType = text.plist.xml; path = Info.plist; sourceTree = "<group>"; };
/* End PBXFileReference section */

/* Begin PBXFrameworksBuildPhase section */
		053B9E6E1BD19A4A00EBF8CC /* Frameworks */ = {
			isa = PBXFrameworksBuildPhase;
			buildActionMask = 2147483647;
			files = (
			);
			runOnlyForDeploymentPostprocessing = 0;
		};
/* End PBXFrameworksBuildPhase section */

/* Begin PBXGroup section */
		053B9E681BD19A4A00EBF8CC = {
			isa = PBXGroup;
			children = (
				053B9E731BD19A4A00EBF8CC /* JuegoDeMemoria */,
				053B9E721BD19A4A00EBF8CC /* Products */,
			);
			sourceTree = "<group>";
		};
		053B9E721BD19A4A00EBF8CC /* Products */ = {
			isa = PBXGroup;
			children = (
				053B9E711BD19A4A00EBF8CC /* JuegoDeMemoria.app */,
			);
			name = Products;
			sourceTree = "<group>";
		};
		053B9E731BD19A4A00EBF8CC /* JuegoDeMemoria */ = {
			isa = PBXGroup;
			children = (
				053B9E741BD19A4A00EBF8CC /* AppDelegate.swift */,
				053B9E761BD19A4A00EBF8CC /* GameBoardViewController.swift */,
				053B9E781BD19A4A00EBF8CC /* Main.storyboard */,
				053B9E7B1BD19A4A00EBF8CC /* Assets.xcassets */,
				053B9E7D1BD19A4A00EBF8CC /* LaunchScreen.storyboard */,
				053B9E801BD19A4A00EBF8CC /* Info.plist */,
				050A42881BD2DF44001CD320 /* GameBoardViewCell.swift */,
				053849861BD3C3F50028CF54 /* GameBoard.swift */,
			);
			path = JuegoDeMemoria;
			sourceTree = "<group>";
		};
/* End PBXGroup section */

/* Begin PBXNativeTarget section */
		053B9E701BD19A4A00EBF8CC /* JuegoDeMemoria */ = {
			isa = PBXNativeTarget;
			buildConfigurationList = 053B9E831BD19A4A00EBF8CC /* Build configuration list for PBXNativeTarget "JuegoDeMemoria" */;
			buildPhases = (
				053B9E6D1BD19A4A00EBF8CC /* Sources */,
				053B9E6E1BD19A4A00EBF8CC /* Frameworks */,
				053B9E6F1BD19A4A00EBF8CC /* Resources */,
			);
			buildRules = (
			);
			dependencies = (
			);
			name = JuegoDeMemoria;
			productName = JuegoDeMemoria;
			productReference = 053B9E711BD19A4A00EBF8CC /* JuegoDeMemoria.app */;
			productType = "com.apple.product-type.application";
		};
/* End PBXNativeTarget section */

/* Begin PBXProject section */
		053B9E691BD19A4A00EBF8CC /* Project object */ = {
			isa = PBXProject;
			attributes = {
				LastUpgradeCheck = 0700;
				ORGANIZATIONNAME = "Rafael Gil";
				TargetAttributes = {
					053B9E701BD19A4A00EBF8CC = {
						CreatedOnToolsVersion = 7.0.1;
					};
				};
			};
			buildConfigurationList = 053B9E6C1BD19A4A00EBF8CC /* Build configuration list for PBXProject "JuegoDeMemoria" */;
			compatibilityVersion = "Xcode 3.2";
			developmentRegion = English;
			hasScannedForEncodings = 0;
			knownRegions = (
				en,
				Base,
			);
			mainGroup = 053B9E681BD19A4A00EBF8CC;
			productRefGroup = 053B9E721BD19A4A00EBF8CC /* Products */;
			projectDirPath = "";
			projectRoot = "";
			targets = (
				053B9E701BD19A4A00EBF8CC /* JuegoDeMemoria */,
			);
		};
/* End PBXProject section */

/* Begin PBXResourcesBuildPhase section */
		053B9E6F1BD19A4A00EBF8CC /* Resources */ = {
			isa = PBXResourcesBuildPhase;
			buildActionMask = 2147483647;
			files = (
				053B9E7F1BD19A4A00EBF8CC /* LaunchScreen.storyboard in Resources */,
				053B9E7C1BD19A4A00EBF8CC /* Assets.xcassets in Resources */,
				053B9E7A1BD19A4A00EBF8CC /* Main.storyboard in Resources */,
			);
			runOnlyForDeploymentPostprocessing = 0;
		};
/* End PBXResourcesBuildPhase section */

/* Begin PBXSourcesBuildPhase section */
		053B9E6D1BD19A4A00EBF8CC /* Sources */ = {
			isa = PBXSourcesBuildPhase;
			buildActionMask = 2147483647;
			files = (
				053849871BD3C3F50028CF54 /* GameBoard.swift in Sources */,
				053B9E771BD19A4A00EBF8CC /* GameBoardViewController.swift in Sources */,
				053B9E751BD19A4A00EBF8CC /* AppDelegate.swift in Sources */,
				050A42891BD2DF44001CD320 /* GameBoardViewCell.swift in Sources */,
			);
			runOnlyForDeploymentPostprocessing = 0;
		};
/* End PBXSourcesBuildPhase section */

/* Begin PBXVariantGroup section */
		053B9E781BD19A4A00EBF8CC /* Main.storyboard */ = {
			isa = PBXVariantGroup;
			children = (
				053B9E791BD19A4A00EBF8CC /* Base */,
			);
			name = Main.storyboard;
			sourceTree = "<group>";
		};
		053B9E7D1BD19A4A00EBF8CC /* LaunchScreen.storyboard */ = {
			isa = PBXVariantGroup;
			children = (
				053B9E7E1BD19A4A00EBF8CC /* Base */,
			);
			name = LaunchScreen.storyboard;
			sourceTree = "<group>";
		};
/* End PBXVariantGroup section */

/* Begin XCBuildConfiguration section */
		053B9E811BD19A4A00EBF8CC /* Debug */ = {
			isa = XCBuildConfiguration;
			buildSettings = {
				ALWAYS_SEARCH_USER_PATHS = NO;
				CLANG_CXX_LANGUAGE_STANDARD = "gnu++0x";
				CLANG_CXX_LIBRARY = "libc++";
				CLANG_ENABLE_MODULES = YES;
				CLANG_ENABLE_OBJC_ARC = YES;
				CLANG_WARN_BOOL_CONVERSION = YES;
				CLANG_WARN_CONSTANT_CONVERSION = YES;
				CLANG_WARN_DIRECT_OBJC_ISA_USAGE = YES_ERROR;
				CLANG_WARN_EMPTY_BODY = YES;
				CLANG_WARN_ENUM_CONVERSION = YES;
				CLANG_WARN_INT_CONVERSION = YES;
				CLANG_WARN_OBJC_ROOT_CLASS = YES_ERROR;
				CLANG_WARN_UNREACHABLE_CODE = YES;
				CLANG_WARN__DUPLICATE_METHOD_MATCH = YES;
				"CODE_SIGN_IDENTITY[sdk=iphoneos*]" = "iPhone Developer";
				COPY_PHASE_STRIP = NO;
				DEBUG_INFORMATION_FORMAT = dwarf;
				ENABLE_STRICT_OBJC_MSGSEND = YES;
				ENABLE_TESTABILITY = YES;
				GCC_C_LANGUAGE_STANDARD = gnu99;
				GCC_DYNAMIC_NO_PIC = NO;
				GCC_NO_COMMON_BLOCKS = YES;
				GCC_OPTIMIZATION_LEVEL = 0;
				GCC_PREPROCESSOR_DEFINITIONS = (
					"DEBUG=1",
					"$(inherited)",
				);
				GCC_WARN_64_TO_32_BIT_CONVERSION = YES;
				GCC_WARN_ABOUT_RETURN_TYPE = YES_ERROR;
				GCC_WARN_UNDECLARED_SELECTOR = YES;
				GCC_WARN_UNINITIALIZED_AUTOS = YES_AGGRESSIVE;
				GCC_WARN_UNUSED_FUNCTION = YES;
				GCC_WARN_UNUSED_VARIABLE = YES;
				IPHONEOS_DEPLOYMENT_TARGET = 9.0;
				MTL_ENABLE_DEBUG_INFO = YES;
				ONLY_ACTIVE_ARCH = YES;
				SDKROOT = iphoneos;
				SWIFT_OPTIMIZATION_LEVEL = "-Onone";
				TARGETED_DEVICE_FAMILY = "1,2";
			};
			name = Debug;
		};
		053B9E821BD19A4A00EBF8CC /* Release */ = {
			isa = XCBuildConfiguration;
			buildSettings = {
				ALWAYS_SEARCH_USER_PATHS = NO;
				CLANG_CXX_LANGUAGE_STANDARD = "gnu++0x";
				CLANG_CXX_LIBRARY = "libc++";
				CLANG_ENABLE_MODULES = YES;
				CLANG_ENABLE_OBJC_ARC = YES;
				CLANG_WARN_BOOL_CONVERSION = YES;
				CLANG_WARN_CONSTANT_CONVERSION = YES;
				CLANG_WARN_DIRECT_OBJC_ISA_USAGE = YES_ERROR;
				CLANG_WARN_EMPTY_BODY = YES;
				CLANG_WARN_ENUM_CONVERSION = YES;
				CLANG_WARN_INT_CONVERSION = YES;
				CLANG_WARN_OBJC_ROOT_CLASS = YES_ERROR;
				CLANG_WARN_UNREACHABLE_CODE = YES;
				CLANG_WARN__DUPLICATE_METHOD_MATCH = YES;
				"CODE_SIGN_IDENTITY[sdk=iphoneos*]" = "iPhone Developer";
				COPY_PHASE_STRIP = NO;
				DEBUG_INFORMATION_FORMAT = "dwarf-with-dsym";
				ENABLE_NS_ASSERTIONS = NO;
				ENABLE_STRICT_OBJC_MSGSEND = YES;
				GCC_C_LANGUAGE_STANDARD = gnu99;
				GCC_NO_COMMON_BLOCKS = YES;
				GCC_WARN_64_TO_32_BIT_CONVERSION = YES;
				GCC_WARN_ABOUT_RETURN_TYPE = YES_ERROR;
				GCC_WARN_UNDECLARED_SELECTOR = YES;
				GCC_WARN_UNINITIALIZED_AUTOS = YES_AGGRESSIVE;
				GCC_WARN_UNUSED_FUNCTION = YES;
				GCC_WARN_UNUSED_VARIABLE = YES;
				IPHONEOS_DEPLOYMENT_TARGET = 9.0;
				MTL_ENABLE_DEBUG_INFO = NO;
				SDKROOT = iphoneos;
				TARGETED_DEVICE_FAMILY = "1,2";
				VALIDATE_PRODUCT = YES;
			};
			name = Release;
		};
		053B9E841BD19A4A00EBF8CC /* Debug */ = {
			isa = XCBuildConfiguration;
			buildSettings = {
				ASSETCATALOG_COMPILER_APPICON_NAME = AppIcon;
				INFOPLIST_FILE = JuegoDeMemoria/Info.plist;
				LD_RUNPATH_SEARCH_PATHS = "$(inherited) @executable_path/Frameworks";
				PRODUCT_BUNDLE_IDENTIFIER = com.rgp.JuegoDeMemoria;
				PRODUCT_NAME = "$(TARGET_NAME)";
			};
			name = Debug;
		};
		053B9E851BD19A4A00EBF8CC /* Release */ = {
			isa = XCBuildConfiguration;
			buildSettings = {
				ASSETCATALOG_COMPILER_APPICON_NAME = AppIcon;
				INFOPLIST_FILE = JuegoDeMemoria/Info.plist;
				LD_RUNPATH_SEARCH_PATHS = "$(inherited) @executable_path/Frameworks";
				PRODUCT_BUNDLE_IDENTIFIER = com.rgp.JuegoDeMemoria;
				PRODUCT_NAME = "$(TARGET_NAME)";
			};
			name = Release;
		};
/* End XCBuildConfiguration section */

/* Begin XCConfigurationList section */
		053B9E6C1BD19A4A00EBF8CC /* Build configuration list for PBXProject "JuegoDeMemoria" */ = {
			isa = XCConfigurationList;
			buildConfigurations = (
				053B9E811BD19A4A00EBF8CC /* Debug */,
				053B9E821BD19A4A00EBF8CC /* Release */,
			);
			defaultConfigurationIsVisible = 0;
			defaultConfigurationName = Release;
		};
		053B9E831BD19A4A00EBF8CC /* Build configuration list for PBXNativeTarget "JuegoDeMemoria" */ = {
			isa = XCConfigurationList;
			buildConfigurations = (
				053B9E841BD19A4A00EBF8CC /* Debug */,
				053B9E851BD19A4A00EBF8CC /* Release */,
			);
			defaultConfigurationIsVisible = 0;
			defaultConfigurationName = Release;
		};
/* End XCConfigurationList section */
	};
	rootObject = 053B9E691BD19A4A00EBF8CC /* Project object */;
}
